
Microsoft Visual Studio Solution File, Format Version 12.00
# Visual Studio Version 17
VisualStudioVersion = 17.3.32825.248
MinimumVisualStudioVersion = 10.0.40219.1
Project("{9A19103F-16F7-4668-BE54-9A1E7A4F7556}") = "LibraryForLabyrinth", "LibraryForLabyrinth.csproj", "{11F573EB-A6A2-4359-8517-3E1C20F36CDE}"
EndProject
Project("{9A19103F-16F7-4668-BE54-9A1E7A4F7556}") = "AbstractFabric", "..\AbstractFabric\AbstractFabric.csproj", "{43C32A97-D7B6-465F-8FA5-5A7124E642B7}"
EndProject
Project("{9A19103F-16F7-4668-BE54-9A1E7A4F7556}") = "Builder", "..\Builder\Builder.csproj", "{3BC46B42-C1F0-4CD1-9841-5405A33E1B20}"
EndProject
Project("{9A19103F-16F7-4668-BE54-9A1E7A4F7556}") = "FactoryMethod", "..\FactoryMethod\FactoryMethod.csproj", "{86A9FD38-7332-40F3-AB07-981C026B4BFB}"
EndProject
Project("{9A19103F-16F7-4668-BE54-9A1E7A4F7556}") = "Prototype", "..\Prototype\Prototype.csproj", "{6B1F4079-0C0C-4478-B99B-74E76C35582E}"
EndProject
Project("{9A19103F-16F7-4668-BE54-9A1E7A4F7556}") = "Singleton", "..\Singleton\Singleton.csproj", "{EE3DD5F6-8FD4-46E7-A83C-3FD3DB66E6F3}"
EndProject
Project("{FAE04EC0-301F-11D3-BF4B-00C04F79EFBC}") = "EAdapter", "..\EAdapter\EAdapter.csproj", "{543AC05F-E6C8-40C7-A605-C73E8426ECF2}"
EndProject
Project("{FAE04EC0-301F-11D3-BF4B-00C04F79EFBC}") = "EBridge", "..\Bridge\EBridge.csproj", "{85543A13-1965-4DE5-8518-A597D13AFEB9}"
EndProject
Global
	GlobalSection(SolutionConfigurationPlatforms) = preSolution
		Debug|Any CPU = Debug|Any CPU
		Release|Any CPU = Release|Any CPU
	EndGlobalSection
	GlobalSection(ProjectConfigurationPlatforms) = postSolution
		{11F573EB-A6A2-4359-8517-3E1C20F36CDE}.Debug|Any CPU.ActiveCfg = Debug|Any CPU
		{11F573EB-A6A2-4359-8517-3E1C20F36CDE}.Debug|Any CPU.Build.0 = Debug|Any CPU
		{11F573EB-A6A2-4359-8517-3E1C20F36CDE}.Release|Any CPU.ActiveCfg = Release|Any CPU
		{11F573EB-A6A2-4359-8517-3E1C20F36CDE}.Release|Any CPU.Build.0 = Release|Any CPU
		{43C32A97-D7B6-465F-8FA5-5A7124E642B7}.Debug|Any CPU.ActiveCfg = Debug|Any CPU
		{43C32A97-D7B6-465F-8FA5-5A7124E642B7}.Debug|Any CPU.Build.0 = Debug|Any CPU
		{43C32A97-D7B6-465F-8FA5-5A7124E642B7}.Release|Any CPU.ActiveCfg = Release|Any CPU
		{43C32A97-D7B6-465F-8FA5-5A7124E642B7}.Release|Any CPU.Build.0 = Release|Any CPU
		{3BC46B42-C1F0-4CD1-9841-5405A33E1B20}.Debug|Any CPU.ActiveCfg = Debug|Any CPU
		{3BC46B42-C1F0-4CD1-9841-5405A33E1B20}.Debug|Any CPU.Build.0 = Debug|Any CPU
		{3BC46B42-C1F0-4CD1-9841-5405A33E1B20}.Release|Any CPU.ActiveCfg = Release|Any CPU
		{3BC46B42-C1F0-4CD1-9841-5405A33E1B20}.Release|Any CPU.Build.0 = Release|Any CPU
		{86A9FD38-7332-40F3-AB07-981C026B4BFB}.Debug|Any CPU.ActiveCfg = Debug|Any CPU
		{86A9FD38-7332-40F3-AB07-981C026B4BFB}.Debug|Any CPU.Build.0 = Debug|Any CPU
		{86A9FD38-7332-40F3-AB07-981C026B4BFB}.Release|Any CPU.ActiveCfg = Release|Any CPU
		{86A9FD38-7332-40F3-AB07-981C026B4BFB}.Release|Any CPU.Build.0 = Release|Any CPU
		{6B1F4079-0C0C-4478-B99B-74E76C35582E}.Debug|Any CPU.ActiveCfg = Debug|Any CPU
		{6B1F4079-0C0C-4478-B99B-74E76C35582E}.Debug|Any CPU.Build.0 = Debug|Any CPU
		{6B1F4079-0C0C-4478-B99B-74E76C35582E}.Release|Any CPU.ActiveCfg = Release|Any CPU
		{6B1F4079-0C0C-4478-B99B-74E76C35582E}.Release|Any CPU.Build.0 = Release|Any CPU
		{EE3DD5F6-8FD4-46E7-A83C-3FD3DB66E6F3}.Debug|Any CPU.ActiveCfg = Debug|Any CPU
		{EE3DD5F6-8FD4-46E7-A83C-3FD3DB66E6F3}.Debug|Any CPU.Build.0 = Debug|Any CPU
		{EE3DD5F6-8FD4-46E7-A83C-3FD3DB66E6F3}.Release|Any CPU.ActiveCfg = Release|Any CPU
		{EE3DD5F6-8FD4-46E7-A83C-3FD3DB66E6F3}.Release|Any CPU.Build.0 = Release|Any CPU
		{543AC05F-E6C8-40C7-A605-C73E8426ECF2}.Debug|Any CPU.ActiveCfg = Debug|Any CPU
		{543AC05F-E6C8-40C7-A605-C73E8426ECF2}.Debug|Any CPU.Build.0 = Debug|Any CPU
		{543AC05F-E6C8-40C7-A605-C73E8426ECF2}.Release|Any CPU.ActiveCfg = Release|Any CPU
		{543AC05F-E6C8-40C7-A605-C73E8426ECF2}.Release|Any CPU.Build.0 = Release|Any CPU
		{85543A13-1965-4DE5-8518-A597D13AFEB9}.Debug|Any CPU.ActiveCfg = Debug|Any CPU
		{85543A13-1965-4DE5-8518-A597D13AFEB9}.Debug|Any CPU.Build.0 = Debug|Any CPU
		{85543A13-1965-4DE5-8518-A597D13AFEB9}.Release|Any CPU.ActiveCfg = Release|Any CPU
		{85543A13-1965-4DE5-8518-A597D13AFEB9}.Release|Any CPU.Build.0 = Release|Any CPU
	EndGlobalSection
	GlobalSection(SolutionProperties) = preSolution
		HideSolutionNode = FALSE
	EndGlobalSection
	GlobalSection(ExtensibilityGlobals) = postSolution
		SolutionGuid = {80DF5A60-6426-4CBE-80F3-F99B0BCB44F5}
	EndGlobalSection
EndGlobal
